{
  "name": "edex-ui",
  "version": "0.7.0",
  "lockfileVersion": 1,
  "requires": true,
  "dependencies": {
    "async-limiter": {
      "version": "1.0.0",
      "resolved": "https://registry.npmjs.org/async-limiter/-/async-limiter-1.0.0.tgz",
      "integrity": "sha512-jp/uFnooOiO+L211eZOoSyzpOITMXx1rBITauYykG3BRYPu8h0UcxsPNB04RR5vo4Tyz3+ay17tR6JVf9qzYWg=="
    },
    "base64-js": {
      "version": "0.0.6",
      "resolved": "https://registry.npmjs.org/base64-js/-/base64-js-0.0.6.tgz",
      "integrity": "sha1-e4WfefC7vVWGe6Z6f6s5fiSiCUc="
    },
    "battery-level": {
      "version": "3.0.0",
      "resolved": "https://registry.npmjs.org/battery-level/-/battery-level-3.0.0.tgz",
      "integrity": "sha512-kwxKiVwqWV1udqUfxdfUpsYWFY4jxqbYLzCL4CgjVTv8uJuRKWVblsF14CTICbUynEEgEOEWOrQQQUxOsBuBBQ==",
      "requires": {
        "execa": "0.8.0",
        "linux-battery": "3.0.1",
        "osx-battery": "4.0.0",
        "to-decimal": "2.0.0"
      }
    },
    "bplist-creator": {
      "version": "0.0.4",
      "resolved": "https://registry.npmjs.org/bplist-creator/-/bplist-creator-0.0.4.tgz",
      "integrity": "sha1-SsBJZ4LhJ6hcHSAmpPXrIqev+ZE=",
      "requires": {
        "stream-buffers": "0.2.6"
      }
    },
    "bplist-parser": {
      "version": "0.0.6",
      "resolved": "https://registry.npmjs.org/bplist-parser/-/bplist-parser-0.0.6.tgz",
      "integrity": "sha1-ONo0cYF9+dRKs4kuJ3B7u9daEbk="
    },
    "camelcase": {
      "version": "1.2.1",
      "resolved": "https://registry.npmjs.org/camelcase/-/camelcase-1.2.1.tgz",
      "integrity": "sha1-m7UwTS4LVmmLLHWLCKPqqdqlijk="
    },
    "camelcase-keys": {
      "version": "1.0.0",
      "resolved": "https://registry.npmjs.org/camelcase-keys/-/camelcase-keys-1.0.0.tgz",
      "integrity": "sha1-vRoRv5sxoc5JNJOpMN4aC69K1+w=",
      "requires": {
        "camelcase": "1.2.1",
        "map-obj": "1.0.1"
      }
    },
    "cross-spawn": {
      "version": "5.1.0",
      "resolved": "https://registry.npmjs.org/cross-spawn/-/cross-spawn-5.1.0.tgz",
      "integrity": "sha1-6L0O/uWPz/b4+UUQoKVUu/ojVEk=",
      "requires": {
        "lru-cache": "4.1.1",
        "shebang-command": "1.2.0",
        "which": "1.3.0"
      }
    },
    "execa": {
      "version": "0.8.0",
      "resolved": "https://registry.npmjs.org/execa/-/execa-0.8.0.tgz",
      "integrity": "sha1-2NdrvBtVIX7RkP1t1J08d07PyNo=",
      "requires": {
        "cross-spawn": "5.1.0",
        "get-stream": "3.0.0",
        "is-stream": "1.1.0",
        "npm-run-path": "2.0.2",
        "p-finally": "1.0.0",
        "signal-exit": "3.0.2",
        "strip-eof": "1.0.0"
      }
    },
    "get-stream": {
      "version": "3.0.0",
      "resolved": "https://registry.npmjs.org/get-stream/-/get-stream-3.0.0.tgz",
      "integrity": "sha1-jpQ9E1jcN1VQVOy+LtsFqhdO3hQ="
    },
    "is-stream": {
      "version": "1.1.0",
      "resolved": "https://registry.npmjs.org/is-stream/-/is-stream-1.1.0.tgz",
      "integrity": "sha1-EtSj3U5o4Lec6428hBc66A2RykQ="
    },
    "isexe": {
      "version": "2.0.0",
      "resolved": "https://registry.npmjs.org/isexe/-/isexe-2.0.0.tgz",
      "integrity": "sha1-6PvzdNxVb/iUehDcsFctYz8s+hA="
    },
    "linux-batteries": {
      "version": "2.0.0",
      "resolved": "https://registry.npmjs.org/linux-batteries/-/linux-batteries-2.0.0.tgz",
      "integrity": "sha1-MstXILIz1UQ6AjSAf8rA0NIiqP4=",
      "requires": {
        "pify": "2.3.0",
        "pinkie-promise": "1.0.0"
      }
    },
    "linux-battery": {
      "version": "3.0.1",
      "resolved": "https://registry.npmjs.org/linux-battery/-/linux-battery-3.0.1.tgz",
      "integrity": "sha1-giT1FGUt6yJoFXW15Gm829aTs5g=",
      "requires": {
        "camelcase-keys": "1.0.0",
        "linux-batteries": "2.0.0",
        "pify": "2.3.0",
        "pinkie-promise": "1.0.0"
      }
    },
    "lodash-node": {
      "version": "2.4.1",
      "resolved": "https://registry.npmjs.org/lodash-node/-/lodash-node-2.4.1.tgz",
      "integrity": "sha1-6oL3sQDHM9GkKvdoAeUGEF4qgOw="
    },
    "lowercase-first-keys": {
      "version": "1.0.1",
      "resolved": "https://registry.npmjs.org/lowercase-first-keys/-/lowercase-first-keys-1.0.1.tgz",
      "integrity": "sha1-77Od1LQ3kf86avb1BhPz5gSTbyI="
    },
    "lru-cache": {
      "version": "4.1.1",
      "resolved": "https://registry.npmjs.org/lru-cache/-/lru-cache-4.1.1.tgz",
      "integrity": "sha512-q4spe4KTfsAS1SUHLO0wz8Qiyf1+vMIAgpRYioFYDMNqKfHQbg+AVDH3i4fvpl71/P1L0dBl+fQi+P37UYf0ew==",
      "requires": {
        "pseudomap": "1.0.2",
        "yallist": "2.1.2"
      }
    },
    "map-obj": {
      "version": "1.0.1",
      "resolved": "https://registry.npmjs.org/map-obj/-/map-obj-1.0.1.tgz",
      "integrity": "sha1-2TPOuSBdgr3PSIb2dCvcK03qFG0="
    },
    "nan": {
      "version": "2.8.0",
      "resolved": "https://registry.npmjs.org/nan/-/nan-2.8.0.tgz",
      "integrity": "sha1-7XFfP+neArV6XmJS2QqWZ14fCFo="
    },
    "node-pty": {
      "version": "0.7.4",
      "resolved": "https://registry.npmjs.org/node-pty/-/node-pty-0.7.4.tgz",
      "integrity": "sha512-WxMY1BsGcHJ2Z2qWpYL7QbfOSnkkCzV0H/9+dJ7uQEIJyz0A4fVBLymswBCTc7RoweY5ingib2gNvf87KvJxuA==",
      "requires": {
        "nan": "2.8.0"
      }
    },
    "npm-run-path": {
      "version": "2.0.2",
      "resolved": "https://registry.npmjs.org/npm-run-path/-/npm-run-path-2.0.2.tgz",
      "integrity": "sha1-NakjLfo11wZ7TLLd8jV7GHFTbF8=",
      "requires": {
        "path-key": "2.0.1"
      }
    },
    "obj-type": {
      "version": "1.0.1",
      "resolved": "https://registry.npmjs.org/obj-type/-/obj-type-1.0.1.tgz",
      "integrity": "sha1-YMHzy13EjyY/TSEeUdZcy6y3AfM="
    },
    "osx-battery": {
      "version": "4.0.0",
      "resolved": "https://registry.npmjs.org/osx-battery/-/osx-battery-4.0.0.tgz",
      "integrity": "sha1-dBBgvjnB7FuOnjgFluQRpsdmfb8=",
      "requires": {
        "lowercase-first-keys": "1.0.1",
        "obj-type": "1.0.1",
        "pify": "2.3.0",
        "pinkie-promise": "1.0.0",
        "simple-plist": "0.0.4"
      }
    },
    "p-finally": {
      "version": "1.0.0",
      "resolved": "https://registry.npmjs.org/p-finally/-/p-finally-1.0.0.tgz",
      "integrity": "sha1-P7z7FbiZpEEjs0ttzBi3JDNqLK4="
    },
    "path-key": {
      "version": "2.0.1",
      "resolved": "https://registry.npmjs.org/path-key/-/path-key-2.0.1.tgz",
      "integrity": "sha1-QRyttXTFoUDTpLGRDUDYDMn0C0A="
    },
    "pify": {
      "version": "2.3.0",
      "resolved": "https://registry.npmjs.org/pify/-/pify-2.3.0.tgz",
      "integrity": "sha1-7RQaasBDqEnqWISY59yosVMw6Qw="
    },
    "pinkie": {
      "version": "1.0.0",
      "resolved": "https://registry.npmjs.org/pinkie/-/pinkie-1.0.0.tgz",
      "integrity": "sha1-Wkfyi6EBXQIBvae/DzWOR77Ix+Q="
    },
    "pinkie-promise": {
      "version": "1.0.0",
      "resolved": "https://registry.npmjs.org/pinkie-promise/-/pinkie-promise-1.0.0.tgz",
      "integrity": "sha1-0dpn9UglY7t89X8oauKCLs+/NnA=",
      "requires": {
        "pinkie": "1.0.0"
      }
    },
    "plist": {
      "version": "1.1.0",
      "resolved": "https://registry.npmjs.org/plist/-/plist-1.1.0.tgz",
      "integrity": "sha1-/2cIWQyXzEOOe8Rd5SUb1yXz+J0=",
      "requires": {
        "base64-js": "0.0.6",
        "util-deprecate": "1.0.0",
        "xmlbuilder": "2.2.1",
        "xmldom": "0.1.27"
      }
    },
    "pseudomap": {
      "version": "1.0.2",
      "resolved": "https://registry.npmjs.org/pseudomap/-/pseudomap-1.0.2.tgz",
      "integrity": "sha1-8FKijacOYYkX7wqKw0wa5aaChrM="
    },
    "safe-buffer": {
      "version": "5.1.1",
      "resolved": "https://registry.npmjs.org/safe-buffer/-/safe-buffer-5.1.1.tgz",
      "integrity": "sha512-kKvNJn6Mm93gAczWVJg7wH+wGYWNrDHdWvpUmHyEsgCtIwwo3bqPtV4tR5tuPaUhTOo/kvhVwd8XwwOllGYkbg=="
    },
    "shebang-command": {
      "version": "1.2.0",
      "resolved": "https://registry.npmjs.org/shebang-command/-/shebang-command-1.2.0.tgz",
      "integrity": "sha1-RKrGW2lbAzmJaMOfNj/uXer98eo=",
      "requires": {
        "shebang-regex": "1.0.0"
      }
    },
    "shebang-regex": {
      "version": "1.0.0",
      "resolved": "https://registry.npmjs.org/shebang-regex/-/shebang-regex-1.0.0.tgz",
      "integrity": "sha1-2kL0l0DAtC2yypcoVxyxkMmO/qM="
    },
    "signal-exit": {
      "version": "3.0.2",
      "resolved": "https://registry.npmjs.org/signal-exit/-/signal-exit-3.0.2.tgz",
      "integrity": "sha1-tf3AjxKH6hF4Yo5BXiUTK3NkbG0="
    },
    "simple-plist": {
      "version": "0.0.4",
      "resolved": "https://registry.npmjs.org/simple-plist/-/simple-plist-0.0.4.tgz",
      "integrity": "sha1-f4Y0OLY8t135ndgbgzbXxQdc/As=",
      "requires": {
        "bplist-creator": "0.0.4",
        "bplist-parser": "0.0.6",
        "plist": "1.1.0"
      }
    },
    "smoothie": {
      "version": "1.34.0",
      "resolved": "https://registry.npmjs.org/smoothie/-/smoothie-1.34.0.tgz",
      "integrity": "sha512-d1GZfvN4RldPbBiBlkMlbR4BHp0paV2knPewaVJ3U4oXOR3cGfecJL0dK5aRdL4yY1dEFpNcwZD7bn3HTtB/gA=="
    },
    "stream-buffers": {
      "version": "0.2.6",
      "resolved": "https://registry.npmjs.org/stream-buffers/-/stream-buffers-0.2.6.tgz",
      "integrity": "sha1-GBwI1bs2kARfaUAbmuanoM8zE/w="
    },
    "strip-eof": {
      "version": "1.0.0",
      "resolved": "https://registry.npmjs.org/strip-eof/-/strip-eof-1.0.0.tgz",
      "integrity": "sha1-u0P/VZim6wXYm1n80SnJgzE2Br8="
    },
    "systeminformation": {
      "version": "3.33.12",
      "resolved": "https://registry.npmjs.org/systeminformation/-/systeminformation-3.33.12.tgz",
      "integrity": "sha512-auKCft3Mc23bhx8P8GhAF+4xWHxMPSBhKRmNwmTxfWrmtwOvhwhU8GmBarYXlp0X52Jwv0QWT988Q9NhlkFecQ=="
    },
    "to-decimal": {
      "version": "2.0.0",
      "resolved": "https://registry.npmjs.org/to-decimal/-/to-decimal-2.0.0.tgz",
      "integrity": "sha1-u8NDiJz9FBfAU9wHOm29rHnijrM="
    },
    "ultron": {
      "version": "1.1.1",
      "resolved": "https://registry.npmjs.org/ultron/-/ultron-1.1.1.tgz",
      "integrity": "sha512-UIEXBNeYmKptWH6z8ZnqTeS8fV74zG0/eRU9VGkpzz+LIJNs8W/zM/L+7ctCkRrgbNnnR0xxw4bKOr0cW0N0Og=="
    },
    "util-deprecate": {
      "version": "1.0.0",
      "resolved": "https://registry.npmjs.org/util-deprecate/-/util-deprecate-1.0.0.tgz",
      "integrity": "sha1-MAevASwUDq4m3gVXbsInhcrDq/I="
    },
    "which": {
      "version": "1.3.0",
      "resolved": "https://registry.npmjs.org/which/-/which-1.3.0.tgz",
      "integrity": "sha512-xcJpopdamTuY5duC/KnTTNBraPK54YwpenP4lzxU8H91GudWpFv38u0CKjclE1Wi2EH2EDz5LRcHcKbCIzqGyg==",
      "requires": {
        "isexe": "2.0.0"
      }
    },
    "ws": {
      "version": "3.3.3",
      "resolved": "https://registry.npmjs.org/ws/-/ws-3.3.3.tgz",
      "integrity": "sha512-nnWLa/NwZSt4KQJu51MYlCcSQ5g7INpOrOMt4XV8j4dqTXdmlUmSHQ8/oLC069ckre0fRsgfvsKwbTdtKLCDkA==",
      "requires": {
        "async-limiter": "1.0.0",
        "safe-buffer": "5.1.1",
        "ultron": "1.1.1"
      }
    },
    "xmlbuilder": {
      "version": "2.2.1",
      "resolved": "https://registry.npmjs.org/xmlbuilder/-/xmlbuilder-2.2.1.tgz",
      "integrity": "sha1-kyZDDxMNh0NdTECGZDqikm4QWjI=",
      "requires": {
        "lodash-node": "2.4.1"
      }
    },
    "xmldom": {
      "version": "0.1.27",
      "resolved": "https://registry.npmjs.org/xmldom/-/xmldom-0.1.27.tgz",
      "integrity": "sha1-1QH5ezvbQDr4757MIFcxh6rawOk="
    },
    "xterm": {
      "version": "2.9.2",
      "resolved": "https://registry.npmjs.org/xterm/-/xterm-2.9.2.tgz",
      "integrity": "sha512-mdfPk9nY6WmKkMDIZUL6xVIpJoP6JLv3mQ2hA490e2DboUlTWt2f60cTnTT20ZYFU11mx9OgVCcqhDI7vOAQ5Q=="
    },
    "yallist": {
      "version": "2.1.2",
      "resolved": "https://registry.npmjs.org/yallist/-/yallist-2.1.2.tgz",
      "integrity": "sha1-HBH5IY8HYImkfdUS+TxmmaaoHVI="
    }
  }
}
