{
  "name": "edex-ui",
  "version": "0.9.1",
  "lockfileVersion": 1,
  "requires": true,
  "dependencies": {
    "ansi-styles": {
      "version": "3.2.1",
      "resolved": "https://registry.npmjs.org/ansi-styles/-/ansi-styles-3.2.1.tgz",
      "integrity": "sha512-VT0ZI6kZRdTh8YyJw3SMbYm/u+NqfsAxEpWO0Pf9sq8/e94WxxOpPKx9FR1FlyCtOVDNOQ+8ntlqFxiRc+r5qA==",
      "requires": {
        "color-convert": "^1.9.0"
      }
    },
    "async-limiter": {
      "version": "1.0.0",
      "resolved": "https://registry.npmjs.org/async-limiter/-/async-limiter-1.0.0.tgz",
      "integrity": "sha512-jp/uFnooOiO+L211eZOoSyzpOITMXx1rBITauYykG3BRYPu8h0UcxsPNB04RR5vo4Tyz3+ay17tR6JVf9qzYWg=="
    },
    "base64-js": {
      "version": "0.0.6",
      "resolved": "https://registry.npmjs.org/base64-js/-/base64-js-0.0.6.tgz",
      "integrity": "sha1-e4WfefC7vVWGe6Z6f6s5fiSiCUc="
    },
    "battery-level": {
      "version": "3.0.0",
      "resolved": "https://registry.npmjs.org/battery-level/-/battery-level-3.0.0.tgz",
      "integrity": "sha512-kwxKiVwqWV1udqUfxdfUpsYWFY4jxqbYLzCL4CgjVTv8uJuRKWVblsF14CTICbUynEEgEOEWOrQQQUxOsBuBBQ==",
      "requires": {
        "execa": "^0.8.0",
        "linux-battery": "^3.0.1",
        "osx-battery": "^4.0.0",
        "to-decimal": "^2.0.0"
      }
    },
    "bplist-creator": {
      "version": "0.0.4",
      "resolved": "https://registry.npmjs.org/bplist-creator/-/bplist-creator-0.0.4.tgz",
      "integrity": "sha1-SsBJZ4LhJ6hcHSAmpPXrIqev+ZE=",
      "requires": {
        "stream-buffers": "~0.2.3"
      }
    },
    "bplist-parser": {
      "version": "0.0.6",
      "resolved": "https://registry.npmjs.org/bplist-parser/-/bplist-parser-0.0.6.tgz",
      "integrity": "sha1-ONo0cYF9+dRKs4kuJ3B7u9daEbk="
    },
    "camelcase": {
      "version": "1.2.1",
      "resolved": "https://registry.npmjs.org/camelcase/-/camelcase-1.2.1.tgz",
      "integrity": "sha1-m7UwTS4LVmmLLHWLCKPqqdqlijk="
    },
    "camelcase-keys": {
      "version": "1.0.0",
      "resolved": "https://registry.npmjs.org/camelcase-keys/-/camelcase-keys-1.0.0.tgz",
      "integrity": "sha1-vRoRv5sxoc5JNJOpMN4aC69K1+w=",
      "requires": {
        "camelcase": "^1.0.1",
        "map-obj": "^1.0.0"
      }
    },
    "chalk": {
      "version": "2.4.1",
      "resolved": "https://registry.npmjs.org/chalk/-/chalk-2.4.1.tgz",
      "integrity": "sha512-ObN6h1v2fTJSmUXoS3nMQ92LbDK9be4TV+6G+omQlGJFdcUX5heKi1LZ1YnRMIgwTLEj3E24bT6tYni50rlCfQ==",
      "requires": {
        "ansi-styles": "^3.2.1",
        "escape-string-regexp": "^1.0.5",
        "supports-color": "^5.3.0"
      }
    },
    "color": {
      "version": "3.0.0",
      "resolved": "https://registry.npmjs.org/color/-/color-3.0.0.tgz",
      "integrity": "sha512-jCpd5+s0s0t7p3pHQKpnJ0TpQKKdleP71LWcA0aqiljpiuAkOSUFN/dyH8ZwF0hRmFlrIuRhufds1QyEP9EB+w==",
      "requires": {
        "color-convert": "^1.9.1",
        "color-string": "^1.5.2"
      }
    },
    "color-convert": {
      "version": "1.9.1",
      "resolved": "https://registry.npmjs.org/color-convert/-/color-convert-1.9.1.tgz",
      "integrity": "sha512-mjGanIiwQJskCC18rPR6OmrZ6fm2Lc7PeGFYwCmy5J34wC6F1PzdGL6xeMfmgicfYcNLGuVFA3WzXtIDCQSZxQ==",
      "requires": {
        "color-name": "^1.1.1"
      }
    },
    "color-name": {
      "version": "1.1.3",
      "resolved": "https://registry.npmjs.org/color-name/-/color-name-1.1.3.tgz",
      "integrity": "sha1-p9BVi9icQveV3UIyj3QIMcpTvCU="
    },
    "color-string": {
      "version": "1.5.2",
      "resolved": "https://registry.npmjs.org/color-string/-/color-string-1.5.2.tgz",
      "integrity": "sha1-JuRYFLw8mny9Z1FkikFDRRSnc6k=",
      "requires": {
        "color-name": "^1.0.0",
        "simple-swizzle": "^0.2.2"
      }
    },
    "cross-spawn": {
      "version": "5.1.0",
      "resolved": "https://registry.npmjs.org/cross-spawn/-/cross-spawn-5.1.0.tgz",
      "integrity": "sha1-6L0O/uWPz/b4+UUQoKVUu/ojVEk=",
      "requires": {
        "lru-cache": "^4.0.1",
        "shebang-command": "^1.2.0",
        "which": "^1.2.9"
      }
    },
    "error-ex": {
      "version": "1.3.1",
      "resolved": "https://registry.npmjs.org/error-ex/-/error-ex-1.3.1.tgz",
      "integrity": "sha1-+FWobOYa3E6GIcPNoh56dhLDqNw=",
      "requires": {
        "is-arrayish": "^0.2.1"
      },
      "dependencies": {
        "is-arrayish": {
          "version": "0.2.1",
          "resolved": "https://registry.npmjs.org/is-arrayish/-/is-arrayish-0.2.1.tgz",
          "integrity": "sha1-d8mYQFJ6qOyxqLppe4BkWnqSap0="
        }
      }
    },
    "escape-string-regexp": {
      "version": "1.0.5",
      "resolved": "https://registry.npmjs.org/escape-string-regexp/-/escape-string-regexp-1.0.5.tgz",
      "integrity": "sha1-G2HAViGQqN/2rjuyzwIAyhMLhtQ="
    },
    "execa": {
      "version": "0.8.0",
      "resolved": "https://registry.npmjs.org/execa/-/execa-0.8.0.tgz",
      "integrity": "sha1-2NdrvBtVIX7RkP1t1J08d07PyNo=",
      "requires": {
        "cross-spawn": "^5.0.1",
        "get-stream": "^3.0.0",
        "is-stream": "^1.1.0",
        "npm-run-path": "^2.0.0",
        "p-finally": "^1.0.0",
        "signal-exit": "^3.0.0",
        "strip-eof": "^1.0.0"
      }
    },
    "figures": {
      "version": "2.0.0",
      "resolved": "https://registry.npmjs.org/figures/-/figures-2.0.0.tgz",
      "integrity": "sha1-OrGi0qYsi/tDGgyUy3l6L84nyWI=",
      "requires": {
        "escape-string-regexp": "^1.0.5"
      }
    },
    "find-up": {
      "version": "2.1.0",
      "resolved": "https://registry.npmjs.org/find-up/-/find-up-2.1.0.tgz",
      "integrity": "sha1-RdG35QbHF93UgndaK3eSCjwMV6c=",
      "requires": {
        "locate-path": "^2.0.0"
      }
    },
    "get-stream": {
      "version": "3.0.0",
      "resolved": "https://registry.npmjs.org/get-stream/-/get-stream-3.0.0.tgz",
      "integrity": "sha1-jpQ9E1jcN1VQVOy+LtsFqhdO3hQ="
    },
    "graceful-fs": {
      "version": "4.1.11",
      "resolved": "https://registry.npmjs.org/graceful-fs/-/graceful-fs-4.1.11.tgz",
      "integrity": "sha1-Dovf5NHduIVNZOBOp8AOKgJuVlg="
    },
    "has-flag": {
      "version": "3.0.0",
      "resolved": "https://registry.npmjs.org/has-flag/-/has-flag-3.0.0.tgz",
      "integrity": "sha1-tdRU3CGZriJWmfNGfloH87lVuv0="
    },
    "is-arrayish": {
      "version": "0.3.1",
      "resolved": "https://registry.npmjs.org/is-arrayish/-/is-arrayish-0.3.1.tgz",
      "integrity": "sha1-wt/DhquqDD4zxI2z/ocFnmkGXv0="
    },
    "is-stream": {
      "version": "1.1.0",
      "resolved": "https://registry.npmjs.org/is-stream/-/is-stream-1.1.0.tgz",
      "integrity": "sha1-EtSj3U5o4Lec6428hBc66A2RykQ="
    },
    "isexe": {
      "version": "2.0.0",
      "resolved": "https://registry.npmjs.org/isexe/-/isexe-2.0.0.tgz",
      "integrity": "sha1-6PvzdNxVb/iUehDcsFctYz8s+hA="
    },
    "json-parse-better-errors": {
      "version": "1.0.2",
      "resolved": "https://registry.npmjs.org/json-parse-better-errors/-/json-parse-better-errors-1.0.2.tgz",
      "integrity": "sha512-mrqyZKfX5EhL7hvqcV6WG1yYjnjeuYDzDhhcAAUrq8Po85NBQBJP+ZDUT75qZQ98IkUoBqdkExkukOU7Ts2wrw=="
    },
    "linux-batteries": {
      "version": "2.0.0",
      "resolved": "https://registry.npmjs.org/linux-batteries/-/linux-batteries-2.0.0.tgz",
      "integrity": "sha1-MstXILIz1UQ6AjSAf8rA0NIiqP4=",
      "requires": {
        "pify": "^2.2.0",
        "pinkie-promise": "^1.0.0"
      }
    },
    "linux-battery": {
      "version": "3.0.1",
      "resolved": "https://registry.npmjs.org/linux-battery/-/linux-battery-3.0.1.tgz",
      "integrity": "sha1-giT1FGUt6yJoFXW15Gm829aTs5g=",
      "requires": {
        "camelcase-keys": "^1.0.0",
        "linux-batteries": "^2.0.0",
        "pify": "^2.2.0",
        "pinkie-promise": "^1.0.0"
      }
    },
    "load-json-file": {
      "version": "4.0.0",
      "resolved": "https://registry.npmjs.org/load-json-file/-/load-json-file-4.0.0.tgz",
      "integrity": "sha1-L19Fq5HjMhYjT9U62rZo607AmTs=",
      "requires": {
        "graceful-fs": "^4.1.2",
        "parse-json": "^4.0.0",
        "pify": "^3.0.0",
        "strip-bom": "^3.0.0"
      },
      "dependencies": {
        "pify": {
          "version": "3.0.0",
          "resolved": "https://registry.npmjs.org/pify/-/pify-3.0.0.tgz",
          "integrity": "sha1-5aSs0sEB/fPZpNB/DbxNtJ3SgXY="
        }
      }
    },
    "locate-path": {
      "version": "2.0.0",
      "resolved": "https://registry.npmjs.org/locate-path/-/locate-path-2.0.0.tgz",
      "integrity": "sha1-K1aLJl7slExtnA3pw9u7ygNUzY4=",
      "requires": {
        "p-locate": "^2.0.0",
        "path-exists": "^3.0.0"
      }
    },
    "lodash-node": {
      "version": "2.4.1",
      "resolved": "https://registry.npmjs.org/lodash-node/-/lodash-node-2.4.1.tgz",
      "integrity": "sha1-6oL3sQDHM9GkKvdoAeUGEF4qgOw="
    },
    "lowercase-first-keys": {
      "version": "1.0.1",
      "resolved": "https://registry.npmjs.org/lowercase-first-keys/-/lowercase-first-keys-1.0.1.tgz",
      "integrity": "sha1-77Od1LQ3kf86avb1BhPz5gSTbyI="
    },
    "lru-cache": {
      "version": "4.1.1",
      "resolved": "https://registry.npmjs.org/lru-cache/-/lru-cache-4.1.1.tgz",
      "integrity": "sha512-q4spe4KTfsAS1SUHLO0wz8Qiyf1+vMIAgpRYioFYDMNqKfHQbg+AVDH3i4fvpl71/P1L0dBl+fQi+P37UYf0ew==",
      "requires": {
        "pseudomap": "^1.0.2",
        "yallist": "^2.1.2"
      }
    },
    "map-obj": {
      "version": "1.0.1",
      "resolved": "https://registry.npmjs.org/map-obj/-/map-obj-1.0.1.tgz",
      "integrity": "sha1-2TPOuSBdgr3PSIb2dCvcK03qFG0="
    },
    "nan": {
      "version": "2.8.0",
      "resolved": "https://registry.npmjs.org/nan/-/nan-2.8.0.tgz",
      "integrity": "sha1-7XFfP+neArV6XmJS2QqWZ14fCFo="
    },
    "node-pty": {
      "version": "0.7.4",
      "resolved": "https://registry.npmjs.org/node-pty/-/node-pty-0.7.4.tgz",
      "integrity": "sha512-WxMY1BsGcHJ2Z2qWpYL7QbfOSnkkCzV0H/9+dJ7uQEIJyz0A4fVBLymswBCTc7RoweY5ingib2gNvf87KvJxuA==",
      "requires": {
        "nan": "^2.6.2"
      }
    },
    "npm-run-path": {
      "version": "2.0.2",
      "resolved": "https://registry.npmjs.org/npm-run-path/-/npm-run-path-2.0.2.tgz",
      "integrity": "sha1-NakjLfo11wZ7TLLd8jV7GHFTbF8=",
      "requires": {
        "path-key": "^2.0.0"
      }
    },
    "obj-type": {
      "version": "1.0.1",
      "resolved": "https://registry.npmjs.org/obj-type/-/obj-type-1.0.1.tgz",
      "integrity": "sha1-YMHzy13EjyY/TSEeUdZcy6y3AfM="
    },
    "osx-battery": {
      "version": "4.0.0",
      "resolved": "https://registry.npmjs.org/osx-battery/-/osx-battery-4.0.0.tgz",
      "integrity": "sha1-dBBgvjnB7FuOnjgFluQRpsdmfb8=",
      "requires": {
        "lowercase-first-keys": "^1.0.0",
        "obj-type": "^1.0.0",
        "pify": "^2.2.0",
        "pinkie-promise": "^1.0.0",
        "simple-plist": "0.0.4"
      }
    },
    "p-finally": {
      "version": "1.0.0",
      "resolved": "https://registry.npmjs.org/p-finally/-/p-finally-1.0.0.tgz",
      "integrity": "sha1-P7z7FbiZpEEjs0ttzBi3JDNqLK4="
    },
    "p-limit": {
      "version": "1.3.0",
      "resolved": "https://registry.npmjs.org/p-limit/-/p-limit-1.3.0.tgz",
      "integrity": "sha512-vvcXsLAJ9Dr5rQOPk7toZQZJApBl2K4J6dANSsEuh6QI41JYcsS/qhTGa9ErIUUgK3WNQoJYvylxvjqmiqEA9Q==",
      "requires": {
        "p-try": "^1.0.0"
      }
    },
    "p-locate": {
      "version": "2.0.0",
      "resolved": "https://registry.npmjs.org/p-locate/-/p-locate-2.0.0.tgz",
      "integrity": "sha1-IKAQOyIqcMj9OcwuWAaA893l7EM=",
      "requires": {
        "p-limit": "^1.1.0"
      }
    },
    "p-try": {
      "version": "1.0.0",
      "resolved": "https://registry.npmjs.org/p-try/-/p-try-1.0.0.tgz",
      "integrity": "sha1-y8ec26+P1CKOE/Yh8rGiN8GyB7M="
    },
    "parse-json": {
      "version": "4.0.0",
      "resolved": "https://registry.npmjs.org/parse-json/-/parse-json-4.0.0.tgz",
      "integrity": "sha1-vjX1Qlvh9/bHRxhPmKeIy5lHfuA=",
      "requires": {
        "error-ex": "^1.3.1",
        "json-parse-better-errors": "^1.0.1"
      }
    },
    "path-exists": {
      "version": "3.0.0",
      "resolved": "https://registry.npmjs.org/path-exists/-/path-exists-3.0.0.tgz",
      "integrity": "sha1-zg6+ql94yxiSXqfYENe1mwEP1RU="
    },
    "path-key": {
      "version": "2.0.1",
      "resolved": "https://registry.npmjs.org/path-key/-/path-key-2.0.1.tgz",
      "integrity": "sha1-QRyttXTFoUDTpLGRDUDYDMn0C0A="
    },
    "pify": {
      "version": "2.3.0",
      "resolved": "https://registry.npmjs.org/pify/-/pify-2.3.0.tgz",
      "integrity": "sha1-7RQaasBDqEnqWISY59yosVMw6Qw="
    },
    "pinkie": {
      "version": "1.0.0",
      "resolved": "https://registry.npmjs.org/pinkie/-/pinkie-1.0.0.tgz",
      "integrity": "sha1-Wkfyi6EBXQIBvae/DzWOR77Ix+Q="
    },
    "pinkie-promise": {
      "version": "1.0.0",
      "resolved": "https://registry.npmjs.org/pinkie-promise/-/pinkie-promise-1.0.0.tgz",
      "integrity": "sha1-0dpn9UglY7t89X8oauKCLs+/NnA=",
      "requires": {
        "pinkie": "^1.0.0"
      }
    },
    "pkg-conf": {
      "version": "2.1.0",
      "resolved": "https://registry.npmjs.org/pkg-conf/-/pkg-conf-2.1.0.tgz",
      "integrity": "sha1-ISZRTKbyq/69FoWW3xi6V4Z/AFg=",
      "requires": {
        "find-up": "^2.0.0",
        "load-json-file": "^4.0.0"
      }
    },
    "plist": {
      "version": "1.1.0",
      "resolved": "https://registry.npmjs.org/plist/-/plist-1.1.0.tgz",
      "integrity": "sha1-/2cIWQyXzEOOe8Rd5SUb1yXz+J0=",
      "requires": {
        "base64-js": "0.0.6",
        "util-deprecate": "1.0.0",
        "xmlbuilder": "2.2.1",
        "xmldom": "0.1.x"
      }
    },
    "pretty-bytes": {
      "version": "5.1.0",
      "resolved": "https://registry.npmjs.org/pretty-bytes/-/pretty-bytes-5.1.0.tgz",
      "integrity": "sha512-wa5+qGVg9Yt7PB6rYm3kXlKzgzgivYTLRandezh43jjRqgyDyP+9YxfJpJiLs9yKD1WeU8/OvtToWpW7255FtA=="
    },
    "pseudomap": {
      "version": "1.0.2",
      "resolved": "https://registry.npmjs.org/pseudomap/-/pseudomap-1.0.2.tgz",
      "integrity": "sha1-8FKijacOYYkX7wqKw0wa5aaChrM="
    },
    "shebang-command": {
      "version": "1.2.0",
      "resolved": "https://registry.npmjs.org/shebang-command/-/shebang-command-1.2.0.tgz",
      "integrity": "sha1-RKrGW2lbAzmJaMOfNj/uXer98eo=",
      "requires": {
        "shebang-regex": "^1.0.0"
      }
    },
    "shebang-regex": {
      "version": "1.0.0",
      "resolved": "https://registry.npmjs.org/shebang-regex/-/shebang-regex-1.0.0.tgz",
      "integrity": "sha1-2kL0l0DAtC2yypcoVxyxkMmO/qM="
    },
    "signal-exit": {
      "version": "3.0.2",
      "resolved": "https://registry.npmjs.org/signal-exit/-/signal-exit-3.0.2.tgz",
      "integrity": "sha1-tf3AjxKH6hF4Yo5BXiUTK3NkbG0="
    },
    "signale": {
      "version": "1.2.0",
      "resolved": "https://registry.npmjs.org/signale/-/signale-1.2.0.tgz",
      "integrity": "sha512-eeGDUId9F9STTYaBT6Vsui9VUAhKpEI7wEBIB0XlQ7zF+I3+pxXzJK72sh67qNiOvt+SC4i8LlbEbai1YBCNyw==",
      "requires": {
        "chalk": "^2.3.2",
        "figures": "^2.0.0",
        "pkg-conf": "^2.1.0"
      }
    },
    "simple-plist": {
      "version": "0.0.4",
      "resolved": "https://registry.npmjs.org/simple-plist/-/simple-plist-0.0.4.tgz",
      "integrity": "sha1-f4Y0OLY8t135ndgbgzbXxQdc/As=",
      "requires": {
        "bplist-creator": "0.0.4",
        "bplist-parser": "0.0.6",
        "plist": "1.1.0"
      }
    },
    "simple-swizzle": {
      "version": "0.2.2",
      "resolved": "https://registry.npmjs.org/simple-swizzle/-/simple-swizzle-0.2.2.tgz",
      "integrity": "sha1-pNprY1/8zMoz9w0Xy5JZLeleVXo=",
      "requires": {
        "is-arrayish": "^0.3.1"
      }
    },
    "smoothie": {
      "version": "1.35.0",
      "resolved": "https://registry.npmjs.org/smoothie/-/smoothie-1.35.0.tgz",
      "integrity": "sha512-tA+p9hDOeLOkETO6HyTgo3ZzGF2mHOGS+Vbc9d9M/iHMlSIsQvVJYuOBIYW21naaAi+eU1NxvVDQ8V9UM56hvQ=="
    },
    "stream-buffers": {
      "version": "0.2.6",
      "resolved": "https://registry.npmjs.org/stream-buffers/-/stream-buffers-0.2.6.tgz",
      "integrity": "sha1-GBwI1bs2kARfaUAbmuanoM8zE/w="
    },
    "strip-bom": {
      "version": "3.0.0",
      "resolved": "https://registry.npmjs.org/strip-bom/-/strip-bom-3.0.0.tgz",
      "integrity": "sha1-IzTBjpx1n3vdVv3vfprj1YjmjtM="
    },
    "strip-eof": {
      "version": "1.0.0",
      "resolved": "https://registry.npmjs.org/strip-eof/-/strip-eof-1.0.0.tgz",
      "integrity": "sha1-u0P/VZim6wXYm1n80SnJgzE2Br8="
    },
    "supports-color": {
      "version": "5.4.0",
      "resolved": "https://registry.npmjs.org/supports-color/-/supports-color-5.4.0.tgz",
      "integrity": "sha512-zjaXglF5nnWpsq470jSv6P9DwPvgLkuapYmfDm3JWOm0vkNTVF2tI4UrN2r6jH1qM/uc/WtxYY1hYoA2dOKj5w==",
      "requires": {
        "has-flag": "^3.0.0"
      }
    },
    "systeminformation": {
      "version": "3.42.0",
      "resolved": "https://registry.npmjs.org/systeminformation/-/systeminformation-3.42.0.tgz",
      "integrity": "sha512-njKStGHliiuD/S+UlRVkq5Mb+m3+7XOb8KJSRzg29G2NLBBKM//hveonwy/S3k1J9n6TfhWF8XJi6CLsVpHvyQ=="
    },
    "to-decimal": {
      "version": "2.0.0",
      "resolved": "https://registry.npmjs.org/to-decimal/-/to-decimal-2.0.0.tgz",
      "integrity": "sha1-u8NDiJz9FBfAU9wHOm29rHnijrM="
    },
    "util-deprecate": {
      "version": "1.0.0",
      "resolved": "https://registry.npmjs.org/util-deprecate/-/util-deprecate-1.0.0.tgz",
      "integrity": "sha1-MAevASwUDq4m3gVXbsInhcrDq/I="
    },
    "which": {
      "version": "1.3.0",
      "resolved": "https://registry.npmjs.org/which/-/which-1.3.0.tgz",
      "integrity": "sha512-xcJpopdamTuY5duC/KnTTNBraPK54YwpenP4lzxU8H91GudWpFv38u0CKjclE1Wi2EH2EDz5LRcHcKbCIzqGyg==",
      "requires": {
        "isexe": "^2.0.0"
      }
    },
    "ws": {
      "version": "5.2.0",
      "resolved": "https://registry.npmjs.org/ws/-/ws-5.2.0.tgz",
      "integrity": "sha512-c18dMeW+PEQdDFzkhDsnBAlS4Z8KGStBQQUcQ5mf7Nf689jyGk0594L+i9RaQuf4gog6SvWLJorz2NfSaqxZ7w==",
      "requires": {
        "async-limiter": "~1.0.0"
      }
    },
    "xmlbuilder": {
      "version": "2.2.1",
      "resolved": "https://registry.npmjs.org/xmlbuilder/-/xmlbuilder-2.2.1.tgz",
      "integrity": "sha1-kyZDDxMNh0NdTECGZDqikm4QWjI=",
      "requires": {
        "lodash-node": "~2.4.1"
      }
    },
    "xmldom": {
      "version": "0.1.27",
      "resolved": "https://registry.npmjs.org/xmldom/-/xmldom-0.1.27.tgz",
      "integrity": "sha1-1QH5ezvbQDr4757MIFcxh6rawOk="
    },
    "xterm": {
      "version": "3.4.1",
      "resolved": "https://registry.npmjs.org/xterm/-/xterm-3.4.1.tgz",
      "integrity": "sha512-1G/EjBfrTDtot2SApnTyLw5dvXQpoiCLdwOe2BIvHjBmnn06Q34efTKecK5trrtCZcfqT+LyiuglGrQww/hvCg=="
    },
    "yallist": {
      "version": "2.1.2",
      "resolved": "https://registry.npmjs.org/yallist/-/yallist-2.1.2.tgz",
      "integrity": "sha1-HBH5IY8HYImkfdUS+TxmmaaoHVI="
    }
  }
}
